
Microsoft Visual Studio Solution File, Format Version 12.00
# Visual Studio Version 16
VisualStudioVersion = 16.0.29806.167
MinimumVisualStudioVersion = 10.0.40219.1
Project("{8BC9CEB8-8B4A-11D0-8D11-00A0C91BC942}") = "cp", "cp\cp.vcxproj", "{2F422255-4B90-43A7-91B1-7099D38D70B3}"
EndProject
Global
	GlobalSection(SolutionConfigurationPlatforms) = preSolution
		Debug|x64 = Debug|x64
		Debug|x86 = Debug|x86
		Release|x64 = Release|x64
		Release|x86 = Release|x86
	EndGlobalSection
	GlobalSection(ProjectConfigurationPlatforms) = postSolution
		{2F422255-4B90-43A7-91B1-7099D38D70B3}.Debug|x64.ActiveCfg = Debug|x64
		{2F422255-4B90-43A7-91B1-7099D38D70B3}.Debug|x64.Build.0 = Debug|x64
		{2F422255-4B90-43A7-91B1-7099D38D70B3}.Debug|x86.ActiveCfg = Debug|Win32
		{2F422255-4B90-43A7-91B1-7099D38D70B3}.Debug|x86.Build.0 = Debug|Win32
		{2F422255-4B90-43A7-91B1-7099D38D70B3}.Release|x64.ActiveCfg = Release|x64
		{2F422255-4B90-43A7-91B1-7099D38D70B3}.Release|x64.Build.0 = Release|x64
		{2F422255-4B90-43A7-91B1-7099D38D70B3}.Release|x86.ActiveCfg = Release|Win32
		{2F422255-4B90-43A7-91B1-7099D38D70B3}.Release|x86.Build.0 = Release|Win32
	EndGlobalSection
	GlobalSection(SolutionProperties) = preSolution
		HideSolutionNode = FALSE
	EndGlobalSection
	GlobalSection(ExtensibilityGlobals) = postSolution
		SolutionGuid = {B82B0363-DD6A-42AC-8AE9-6D19A743E5EC}
	EndGlobalSection
EndGlobal
